// !$*UTF8*$!
{
	archiveVersion = 1;
	classes = {
	};
	objectVersion = 48;
	objects = {

/* Begin PBXBuildFile section */
		3B0A84BB1FB9B26D008CBADE /* addCategoryVC.swift in Sources */ = {isa = PBXBuildFile; fileRef = 3B0A84BA1FB9B26D008CBADE /* addCategoryVC.swift */; };
		3B3713C01FB98E0D00DD44AA /* AppDelegate.swift in Sources */ = {isa = PBXBuildFile; fileRef = 3B3713BF1FB98E0D00DD44AA /* AppDelegate.swift */; };
		3B3713C21FB98E0D00DD44AA /* myMainVC.swift in Sources */ = {isa = PBXBuildFile; fileRef = 3B3713C11FB98E0D00DD44AA /* myMainVC.swift */; };
		3B3713C51FB98E0D00DD44AA /* Main.storyboard in Resources */ = {isa = PBXBuildFile; fileRef = 3B3713C31FB98E0D00DD44AA /* Main.storyboard */; };
		3B3713C71FB98E0D00DD44AA /* Assets.xcassets in Resources */ = {isa = PBXBuildFile; fileRef = 3B3713C61FB98E0D00DD44AA /* Assets.xcassets */; };
		3B3713CA1FB98E0D00DD44AA /* LaunchScreen.storyboard in Resources */ = {isa = PBXBuildFile; fileRef = 3B3713C81FB98E0D00DD44AA /* LaunchScreen.storyboard */; };
		3BC6D2B71FB99CDA00D3DFF8 /* myMainCell.swift in Sources */ = {isa = PBXBuildFile; fileRef = 3BC6D2B61FB99CDA00D3DFF8 /* myMainCell.swift */; };
		3BC6D2B91FB9A95D00D3DFF8 /* myMainData.swift in Sources */ = {isa = PBXBuildFile; fileRef = 3BC6D2B81FB9A95D00D3DFF8 /* myMainData.swift */; };
		3BEEEAE01FBE44C9006819E2 /* puzzleVC.swift in Sources */ = {isa = PBXBuildFile; fileRef = 3BEEEADF1FBE44C9006819E2 /* puzzleVC.swift */; };
/* End PBXBuildFile section */

/* Begin PBXFileReference section */
		3B0A84BA1FB9B26D008CBADE /* addCategoryVC.swift */ = {isa = PBXFileReference; lastKnownFileType = sourcecode.swift; name = addCategoryVC.swift; path = "TableViewTutorial-Checklist/addCategoryVC.swift"; sourceTree = SOURCE_ROOT; };
		3B3713BC1FB98E0D00DD44AA /* TableViewTutorial-Checklist.app */ = {isa = PBXFileReference; explicitFileType = wrapper.application; includeInIndex = 0; path = "TableViewTutorial-Checklist.app"; sourceTree = BUILT_PRODUCTS_DIR; };
		3B3713BF1FB98E0D00DD44AA /* AppDelegate.swift */ = {isa = PBXFileReference; lastKnownFileType = sourcecode.swift; path = AppDelegate.swift; sourceTree = "<group>"; };
		3B3713C11FB98E0D00DD44AA /* myMainVC.swift */ = {isa = PBXFileReference; lastKnownFileType = sourcecode.swift; path = myMainVC.swift; sourceTree = "<group>"; };
		3B3713C41FB98E0D00DD44AA /* Base */ = {isa = PBXFileReference; lastKnownFileType = file.storyboard; name = Base; path = Base.lproj/Main.storyboard; sourceTree = "<group>"; };
		3B3713C61FB98E0D00DD44AA /* Assets.xcassets */ = {isa = PBXFileReference; lastKnownFileType = folder.assetcatalog; path = Assets.xcassets; sourceTree = "<group>"; };
		3B3713C91FB98E0D00DD44AA /* Base */ = {isa = PBXFileReference; lastKnownFileType = file.storyboard; name = Base; path = Base.lproj/LaunchScreen.storyboard; sourceTree = "<group>"; };
		3B3713CB1FB98E0D00DD44AA /* Info.plist */ = {isa = PBXFileReference; lastKnownFileType = text.plist.xml; path = Info.plist; sourceTree = "<group>"; };
		3BC6D2B61FB99CDA00D3DFF8 /* myMainCell.swift */ = {isa = PBXFileReference; lastKnownFileType = sourcecode.swift; path = myMainCell.swift; sourceTree = "<group>"; };
		3BC6D2B81FB9A95D00D3DFF8 /* myMainData.swift */ = {isa = PBXFileReference; lastKnownFileType = sourcecode.swift; path = myMainData.swift; sourceTree = "<group>"; };
		3BEEEADF1FBE44C9006819E2 /* puzzleVC.swift */ = {isa = PBXFileReference; lastKnownFileType = sourcecode.swift; path = puzzleVC.swift; sourceTree = "<group>"; };
/* End PBXFileReference section */

/* Begin PBXFrameworksBuildPhase section */
		3B3713B91FB98E0D00DD44AA /* Frameworks */ = {
			isa = PBXFrameworksBuildPhase;
			buildActionMask = 2147483647;
			files = (
			);
			runOnlyForDeploymentPostprocessing = 0;
		};
/* End PBXFrameworksBuildPhase section */

/* Begin PBXGroup section */
		3B0A84B61FB9B11D008CBADE /* myMain */ = {
			isa = PBXGroup;
			children = (
				3B3713C11FB98E0D00DD44AA /* myMainVC.swift */,
				3BC6D2B61FB99CDA00D3DFF8 /* myMainCell.swift */,
				3BC6D2B81FB9A95D00D3DFF8 /* myMainData.swift */,
			);
			path = myMain;
			sourceTree = "<group>";
		};
		3B0A84B91FB9B144008CBADE /* addCategory */ = {
			isa = PBXGroup;
			children = (
				3B0A84BA1FB9B26D008CBADE /* addCategoryVC.swift */,
			);
			path = addCategory;
			sourceTree = "<group>";
		};
		3B3713B31FB98E0D00DD44AA = {
			isa = PBXGroup;
			children = (
				3B3713BE1FB98E0D00DD44AA /* TableViewTutorial-Checklist */,
				3B3713BD1FB98E0D00DD44AA /* Products */,
			);
			sourceTree = "<group>";
		};
		3B3713BD1FB98E0D00DD44AA /* Products */ = {
			isa = PBXGroup;
			children = (
				3B3713BC1FB98E0D00DD44AA /* TableViewTutorial-Checklist.app */,
			);
			name = Products;
			sourceTree = "<group>";
		};
		3B3713BE1FB98E0D00DD44AA /* TableViewTutorial-Checklist */ = {
			isa = PBXGroup;
			children = (
				3B3713BF1FB98E0D00DD44AA /* AppDelegate.swift */,
				3B3713C31FB98E0D00DD44AA /* Main.storyboard */,
				3B0A84B61FB9B11D008CBADE /* myMain */,
				3B0A84B91FB9B144008CBADE /* addCategory */,
				3BEEEAE11FBE44D6006819E2 /* PuzzleVC */,
				3B3713C61FB98E0D00DD44AA /* Assets.xcassets */,
				3B3713C81FB98E0D00DD44AA /* LaunchScreen.storyboard */,
				3B3713CB1FB98E0D00DD44AA /* Info.plist */,
			);
			path = "TableViewTutorial-Checklist";
			sourceTree = "<group>";
		};
		3BEEEAE11FBE44D6006819E2 /* PuzzleVC */ = {
			isa = PBXGroup;
			children = (
				3BEEEADF1FBE44C9006819E2 /* puzzleVC.swift */,
			);
			path = PuzzleVC;
			sourceTree = "<group>";
		};
/* End PBXGroup section */

/* Begin PBXNativeTarget section */
		3B3713BB1FB98E0D00DD44AA /* TableViewTutorial-Checklist */ = {
			isa = PBXNativeTarget;
			buildConfigurationList = 3B3713CE1FB98E0D00DD44AA /* Build configuration list for PBXNativeTarget "TableViewTutorial-Checklist" */;
			buildPhases = (
				3B3713B81FB98E0D00DD44AA /* Sources */,
				3B3713B91FB98E0D00DD44AA /* Frameworks */,
				3B3713BA1FB98E0D00DD44AA /* Resources */,
			);
			buildRules = (
			);
			dependencies = (
			);
			name = "TableViewTutorial-Checklist";
			productName = "TableViewTutorial-Checklist";
			productReference = 3B3713BC1FB98E0D00DD44AA /* TableViewTutorial-Checklist.app */;
			productType = "com.apple.product-type.application";
		};
/* End PBXNativeTarget section */

/* Begin PBXProject section */
		3B3713B41FB98E0D00DD44AA /* Project object */ = {
			isa = PBXProject;
			attributes = {
				LastSwiftUpdateCheck = 0920;
				LastUpgradeCheck = 0920;
				ORGANIZATIONNAME = "Joachim Vetter";
				TargetAttributes = {
					3B3713BB1FB98E0D00DD44AA = {
						CreatedOnToolsVersion = 9.2;
						ProvisioningStyle = Automatic;
					};
				};
			};
			buildConfigurationList = 3B3713B71FB98E0D00DD44AA /* Build configuration list for PBXProject "TableViewTutorial-Checklist" */;
			compatibilityVersion = "Xcode 8.0";
			developmentRegion = en;
			hasScannedForEncodings = 0;
			knownRegions = (
				en,
				Base,
			);
			mainGroup = 3B3713B31FB98E0D00DD44AA;
			productRefGroup = 3B3713BD1FB98E0D00DD44AA /* Products */;
			projectDirPath = "";
			projectRoot = "";
			targets = (
				3B3713BB1FB98E0D00DD44AA /* TableViewTutorial-Checklist */,
			);
		};
/* End PBXProject section */

/* Begin PBXResourcesBuildPhase section */
		3B3713BA1FB98E0D00DD44AA /* Resources */ = {
			isa = PBXResourcesBuildPhase;
			buildActionMask = 2147483647;
			files = (
				3B3713CA1FB98E0D00DD44AA /* LaunchScreen.storyboard in Resources */,
				3B3713C71FB98E0D00DD44AA /* Assets.xcassets in Resources */,
				3B3713C51FB98E0D00DD44AA /* Main.storyboard in Resources */,
			);
			runOnlyForDeploymentPostprocessing = 0;
		};
/* End PBXResourcesBuildPhase section */

/* Begin PBXSourcesBuildPhase section */
		3B3713B81FB98E0D00DD44AA /* Sources */ = {
			isa = PBXSourcesBuildPhase;
			buildActionMask = 2147483647;
			files = (
				3BC6D2B91FB9A95D00D3DFF8 /* myMainData.swift in Sources */,
				3B0A84BB1FB9B26D008CBADE /* addCategoryVC.swift in Sources */,
				3BEEEAE01FBE44C9006819E2 /* puzzleVC.swift in Sources */,
				3B3713C21FB98E0D00DD44AA /* myMainVC.swift in Sources */,
				3BC6D2B71FB99CDA00D3DFF8 /* myMainCell.swift in Sources */,
				3B3713C01FB98E0D00DD44AA /* AppDelegate.swift in Sources */,
			);
			runOnlyForDeploymentPostprocessing = 0;
		};
/* End PBXSourcesBuildPhase section */

/* Begin PBXVariantGroup section */
		3B3713C31FB98E0D00DD44AA /* Main.storyboard */ = {
			isa = PBXVariantGroup;
			children = (
				3B3713C41FB98E0D00DD44AA /* Base */,
			);
			name = Main.storyboard;
			sourceTree = "<group>";
		};
		3B3713C81FB98E0D00DD44AA /* LaunchScreen.storyboard */ = {
			isa = PBXVariantGroup;
			children = (
				3B3713C91FB98E0D00DD44AA /* Base */,
			);
			name = LaunchScreen.storyboard;
			sourceTree = "<group>";
		};
/* End PBXVariantGroup section */

/* Begin XCBuildConfiguration section */
		3B3713CC1FB98E0D00DD44AA /* Debug */ = {
			isa = XCBuildConfiguration;
			buildSettings = {
				ALWAYS_SEARCH_USER_PATHS = NO;
				CLANG_ANALYZER_NONNULL = YES;
				CLANG_ANALYZER_NUMBER_OBJECT_CONVERSION = YES_AGGRESSIVE;
				CLANG_CXX_LANGUAGE_STANDARD = "gnu++14";
				CLANG_CXX_LIBRARY = "libc++";
				CLANG_ENABLE_MODULES = YES;
				CLANG_ENABLE_OBJC_ARC = YES;
				CLANG_WARN_BLOCK_CAPTURE_AUTORELEASING = YES;
				CLANG_WARN_BOOL_CONVERSION = YES;
				CLANG_WARN_COMMA = YES;
				CLANG_WARN_CONSTANT_CONVERSION = YES;
				CLANG_WARN_DIRECT_OBJC_ISA_USAGE = YES_ERROR;
				CLANG_WARN_DOCUMENTATION_COMMENTS = YES;
				CLANG_WARN_EMPTY_BODY = YES;
				CLANG_WARN_ENUM_CONVERSION = YES;
				CLANG_WARN_INFINITE_RECURSION = YES;
				CLANG_WARN_INT_CONVERSION = YES;
				CLANG_WARN_NON_LITERAL_NULL_CONVERSION = YES;
				CLANG_WARN_OBJC_LITERAL_CONVERSION = YES;
				CLANG_WARN_OBJC_ROOT_CLASS = YES_ERROR;
				CLANG_WARN_RANGE_LOOP_ANALYSIS = YES;
				CLANG_WARN_STRICT_PROTOTYPES = YES;
				CLANG_WARN_SUSPICIOUS_MOVE = YES;
				CLANG_WARN_UNGUARDED_AVAILABILITY = YES_AGGRESSIVE;
				CLANG_WARN_UNREACHABLE_CODE = YES;
				CLANG_WARN__DUPLICATE_METHOD_MATCH = YES;
				CODE_SIGN_IDENTITY = "iPhone Developer";
				COPY_PHASE_STRIP = NO;
				DEBUG_INFORMATION_FORMAT = dwarf;
				ENABLE_STRICT_OBJC_MSGSEND = YES;
				ENABLE_TESTABILITY = YES;
				GCC_C_LANGUAGE_STANDARD = gnu11;
				GCC_DYNAMIC_NO_PIC = NO;
				GCC_NO_COMMON_BLOCKS = YES;
				GCC_OPTIMIZATION_LEVEL = 0;
				GCC_PREPROCESSOR_DEFINITIONS = (
					"DEBUG=1",
					"$(inherited)",
				);
				GCC_WARN_64_TO_32_BIT_CONVERSION = YES;
				GCC_WARN_ABOUT_RETURN_TYPE = YES_ERROR;
				GCC_WARN_UNDECLARED_SELECTOR = YES;
				GCC_WARN_UNINITIALIZED_AUTOS = YES_AGGRESSIVE;
				GCC_WARN_UNUSED_FUNCTION = YES;
				GCC_WARN_UNUSED_VARIABLE = YES;
				IPHONEOS_DEPLOYMENT_TARGET = 11.2;
				MTL_ENABLE_DEBUG_INFO = YES;
				ONLY_ACTIVE_ARCH = YES;
				SDKROOT = iphoneos;
				SWIFT_ACTIVE_COMPILATION_CONDITIONS = DEBUG;
				SWIFT_OPTIMIZATION_LEVEL = "-Onone";
			};
			name = Debug;
		};
		3B3713CD1FB98E0D00DD44AA /* Release */ = {
			isa = XCBuildConfiguration;
			buildSettings = {
				ALWAYS_SEARCH_USER_PATHS = NO;
				CLANG_ANALYZER_NONNULL = YES;
				CLANG_ANALYZER_NUMBER_OBJECT_CONVERSION = YES_AGGRESSIVE;
				CLANG_CXX_LANGUAGE_STANDARD = "gnu++14";
				CLANG_CXX_LIBRARY = "libc++";
				CLANG_ENABLE_MODULES = YES;
				CLANG_ENABLE_OBJC_ARC = YES;
				CLANG_WARN_BLOCK_CAPTURE_AUTORELEASING = YES;
				CLANG_WARN_BOOL_CONVERSION = YES;
				CLANG_WARN_COMMA = YES;
				CLANG_WARN_CONSTANT_CONVERSION = YES;
				CLANG_WARN_DIRECT_OBJC_ISA_USAGE = YES_ERROR;
				CLANG_WARN_DOCUMENTATION_COMMENTS = YES;
				CLANG_WARN_EMPTY_BODY = YES;
				CLANG_WARN_ENUM_CONVERSION = YES;
				CLANG_WARN_INFINITE_RECURSION = YES;
				CLANG_WARN_INT_CONVERSION = YES;
				CLANG_WARN_NON_LITERAL_NULL_CONVERSION = YES;
				CLANG_WARN_OBJC_LITERAL_CONVERSION = YES;
				CLANG_WARN_OBJC_ROOT_CLASS = YES_ERROR;
				CLANG_WARN_RANGE_LOOP_ANALYSIS = YES;
				CLANG_WARN_STRICT_PROTOTYPES = YES;
				CLANG_WARN_SUSPICIOUS_MOVE = YES;
				CLANG_WARN_UNGUARDED_AVAILABILITY = YES_AGGRESSIVE;
				CLANG_WARN_UNREACHABLE_CODE = YES;
				CLANG_WARN__DUPLICATE_METHOD_MATCH = YES;
				CODE_SIGN_IDENTITY = "iPhone Developer";
				COPY_PHASE_STRIP = NO;
				DEBUG_INFORMATION_FORMAT = "dwarf-with-dsym";
				ENABLE_NS_ASSERTIONS = NO;
				ENABLE_STRICT_OBJC_MSGSEND = YES;
				GCC_C_LANGUAGE_STANDARD = gnu11;
				GCC_NO_COMMON_BLOCKS = YES;
				GCC_WARN_64_TO_32_BIT_CONVERSION = YES;
				GCC_WARN_ABOUT_RETURN_TYPE = YES_ERROR;
				GCC_WARN_UNDECLARED_SELECTOR = YES;
				GCC_WARN_UNINITIALIZED_AUTOS = YES_AGGRESSIVE;
				GCC_WARN_UNUSED_FUNCTION = YES;
				GCC_WARN_UNUSED_VARIABLE = YES;
				IPHONEOS_DEPLOYMENT_TARGET = 11.2;
				MTL_ENABLE_DEBUG_INFO = NO;
				SDKROOT = iphoneos;
				SWIFT_OPTIMIZATION_LEVEL = "-Owholemodule";
				VALIDATE_PRODUCT = YES;
			};
			name = Release;
		};
		3B3713CF1FB98E0D00DD44AA /* Debug */ = {
			isa = XCBuildConfiguration;
			buildSettings = {
				ASSETCATALOG_COMPILER_APPICON_NAME = AppIcon;
				CODE_SIGN_STYLE = Automatic;
				DEVELOPMENT_TEAM = VP93YUY9BE;
				INFOPLIST_FILE = "TableViewTutorial-Checklist/Info.plist";
				LD_RUNPATH_SEARCH_PATHS = "$(inherited) @executable_path/Frameworks";
				PRODUCT_BUNDLE_IDENTIFIER = "com.myswift4.TableViewTutorial-Checklist";
				PRODUCT_NAME = "$(TARGET_NAME)";
				SWIFT_VERSION = 4.0;
				TARGETED_DEVICE_FAMILY = "1,2";
			};
			name = Debug;
		};
		3B3713D01FB98E0D00DD44AA /* Release */ = {
			isa = XCBuildConfiguration;
			buildSettings = {
				ASSETCATALOG_COMPILER_APPICON_NAME = AppIcon;
				CODE_SIGN_STYLE = Automatic;
				DEVELOPMENT_TEAM = VP93YUY9BE;
				INFOPLIST_FILE = "TableViewTutorial-Checklist/Info.plist";
				LD_RUNPATH_SEARCH_PATHS = "$(inherited) @executable_path/Frameworks";
				PRODUCT_BUNDLE_IDENTIFIER = "com.myswift4.TableViewTutorial-Checklist";
				PRODUCT_NAME = "$(TARGET_NAME)";
				SWIFT_VERSION = 4.0;
				TARGETED_DEVICE_FAMILY = "1,2";
			};
			name = Release;
		};
/* End XCBuildConfiguration section */

/* Begin XCConfigurationList section */
		3B3713B71FB98E0D00DD44AA /* Build configuration list for PBXProject "TableViewTutorial-Checklist" */ = {
			isa = XCConfigurationList;
			buildConfigurations = (
				3B3713CC1FB98E0D00DD44AA /* Debug */,
				3B3713CD1FB98E0D00DD44AA /* Release */,
			);
			defaultConfigurationIsVisible = 0;
			defaultConfigurationName = Release;
		};
		3B3713CE1FB98E0D00DD44AA /* Build configuration list for PBXNativeTarget "TableViewTutorial-Checklist" */ = {
			isa = XCConfigurationList;
			buildConfigurations = (
				3B3713CF1FB98E0D00DD44AA /* Debug */,
				3B3713D01FB98E0D00DD44AA /* Release */,
			);
			defaultConfigurationIsVisible = 0;
			defaultConfigurationName = Release;
		};
/* End XCConfigurationList section */
	};
	rootObject = 3B3713B41FB98E0D00DD44AA /* Project object */;
}
